
Microsoft Visual Studio Solution File, Format Version 12.00
# Visual Studio 15
Project("{FAE04EC0-301F-11D3-BF4B-00C04F79EFBC}") = "UnityEngine.TestRunner", "UnityEngine.TestRunner.csproj", "{64699C43-68F2-CB29-E24A-F7929E2FE027}"
EndProject
Project("{FAE04EC0-301F-11D3-BF4B-00C04F79EFBC}") = "Unity.Mathematics", "Unity.Mathematics.csproj", "{5A5A3BEF-AC59-1300-4257-D44196C3F226}"
EndProject
Project("{FAE04EC0-301F-11D3-BF4B-00C04F79EFBC}") = "Unity.2D.Animation.Triangle.Runtime", "Unity.2D.Animation.Triangle.Runtime.csproj", "{8E185EDC-F38B-4D3A-7752-EB7538727854}"
EndProject
Project("{FAE04EC0-301F-11D3-BF4B-00C04F79EFBC}") = "Unity.Timeline", "Unity.Timeline.csproj", "{B7D2928D-A542-F23D-D563-7BC816107B69}"
EndProject
Project("{FAE04EC0-301F-11D3-BF4B-00C04F79EFBC}") = "UnityEngine.UI", "UnityEngine.UI.csproj", "{03817AAC-06A3-2CB5-AE93-D837BBF8A1D5}"
EndProject
Project("{FAE04EC0-301F-11D3-BF4B-00C04F79EFBC}") = "Unity.TextMeshPro", "Unity.TextMeshPro.csproj", "{2C925512-04CD-8922-F523-60910AE0B10C}"
EndProject
Project("{FAE04EC0-301F-11D3-BF4B-00C04F79EFBC}") = "Unity.2D.Animation.Runtime", "Unity.2D.Animation.Runtime.csproj", "{4ED46402-72EE-685C-6657-04FE757808F0}"
EndProject
Project("{FAE04EC0-301F-11D3-BF4B-00C04F79EFBC}") = "Unity.2D.IK.Runtime", "Unity.2D.IK.Runtime.csproj", "{C9108133-01CF-B6F9-4631-89BF58884C05}"
EndProject
Project("{FAE04EC0-301F-11D3-BF4B-00C04F79EFBC}") = "Unity.2D.SpriteShape.Runtime", "Unity.2D.SpriteShape.Runtime.csproj", "{2C6C2657-F38A-DBA6-2E01-76FDD4CD0570}"
EndProject
Project("{FAE04EC0-301F-11D3-BF4B-00C04F79EFBC}") = "Unity.2D.PixelPerfect", "Unity.2D.PixelPerfect.csproj", "{162166C5-F9A6-F7DD-4EBC-BFAFD4F1FBE5}"
EndProject
Project("{FAE04EC0-301F-11D3-BF4B-00C04F79EFBC}") = "Assembly-CSharp", "Assembly-CSharp.csproj", "{D59E3BF3-6488-B30F-49FE-0FE02DD92A84}"
EndProject
Project("{FAE04EC0-301F-11D3-BF4B-00C04F79EFBC}") = "Unity.2D.Common.Runtime", "Unity.2D.Common.Runtime.csproj", "{4E2B215F-0464-C77B-F66D-E5CF0F704522}"
EndProject
Project("{FAE04EC0-301F-11D3-BF4B-00C04F79EFBC}") = "Unity.InternalAPIEngineBridge.001", "Unity.InternalAPIEngineBridge.001.csproj", "{A78B6E97-93D3-2B7B-B375-63F18A3A6348}"
EndProject
Project("{FAE04EC0-301F-11D3-BF4B-00C04F79EFBC}") = "UnityEditor.TestRunner", "UnityEditor.TestRunner.csproj", "{EBCB12BE-9A3B-6C57-ADDA-481DB0DCC629}"
EndProject
Project("{FAE04EC0-301F-11D3-BF4B-00C04F79EFBC}") = "Unity.PlasticSCM.Editor", "Unity.PlasticSCM.Editor.csproj", "{BCAA4E87-E50D-DAD2-FC09-57C6C61CB3F7}"
EndProject
Project("{FAE04EC0-301F-11D3-BF4B-00C04F79EFBC}") = "UnityEditor.UI", "UnityEditor.UI.csproj", "{672B6642-A4FF-6128-50FF-E60987E694E3}"
EndProject
Project("{FAE04EC0-301F-11D3-BF4B-00C04F79EFBC}") = "Unity.Services.Core.Editor", "Unity.Services.Core.Editor.csproj", "{5653676A-2A04-1598-39CD-230ADC629C97}"
EndProject
Project("{FAE04EC0-301F-11D3-BF4B-00C04F79EFBC}") = "Unity.Timeline.Editor", "Unity.Timeline.Editor.csproj", "{38E9F803-9058-749B-CCD1-473967DDE27B}"
EndProject
Project("{FAE04EC0-301F-11D3-BF4B-00C04F79EFBC}") = "Unity.VisualStudio.Editor", "Unity.VisualStudio.Editor.csproj", "{805D8E4D-E282-D65A-56C4-545DF6FF4976}"
EndProject
Project("{FAE04EC0-301F-11D3-BF4B-00C04F79EFBC}") = "Unity.2D.Psdimporter.Editor", "Unity.2D.Psdimporter.Editor.csproj", "{067295E5-8854-339D-6DA2-ACFC66FB15D7}"
EndProject
Project("{FAE04EC0-301F-11D3-BF4B-00C04F79EFBC}") = "Unity.2D.Animation.Editor", "Unity.2D.Animation.Editor.csproj", "{6D8A4875-47DE-AD0E-6D45-FAA7A8CE7B68}"
EndProject
Project("{FAE04EC0-301F-11D3-BF4B-00C04F79EFBC}") = "Unity.TextMeshPro.Editor", "Unity.TextMeshPro.Editor.csproj", "{AC4F3C7C-70CA-9C68-325D-F20C4E91AEB2}"
EndProject
Project("{FAE04EC0-301F-11D3-BF4B-00C04F79EFBC}") = "Unity.2D.SpriteShape.Editor", "Unity.2D.SpriteShape.Editor.csproj", "{180932B7-FEC9-FB30-5E86-907B78046F7B}"
EndProject
Project("{FAE04EC0-301F-11D3-BF4B-00C04F79EFBC}") = "Unity.CollabProxy.Editor", "Unity.CollabProxy.Editor.csproj", "{FACD2955-7211-C889-FC87-6BC10ABC9CB6}"
EndProject
Project("{FAE04EC0-301F-11D3-BF4B-00C04F79EFBC}") = "PsdPlugin", "PsdPlugin.csproj", "{0A7E4EDD-7CDE-4AFF-545D-97A09D444F5B}"
EndProject
Project("{FAE04EC0-301F-11D3-BF4B-00C04F79EFBC}") = "Unity.2D.Path.Editor", "Unity.2D.Path.Editor.csproj", "{3B1D3013-F753-99E5-0B64-7BA6047D36FE}"
EndProject
Project("{FAE04EC0-301F-11D3-BF4B-00C04F79EFBC}") = "Unity.Rider.Editor", "Unity.Rider.Editor.csproj", "{692C499E-79F7-3BA2-C808-201B29F658F6}"
EndProject
Project("{FAE04EC0-301F-11D3-BF4B-00C04F79EFBC}") = "Unity.2D.IK.Editor", "Unity.2D.IK.Editor.csproj", "{081C988C-44FC-D8CC-428E-A71DDC57ADEB}"
EndProject
Project("{FAE04EC0-301F-11D3-BF4B-00C04F79EFBC}") = "Unity.2D.Sprite.Editor", "Unity.2D.Sprite.Editor.csproj", "{D162512F-8355-0D8D-CF5A-293D5D1E62C5}"
EndProject
Project("{FAE04EC0-301F-11D3-BF4B-00C04F79EFBC}") = "Unity.2D.Tilemap.Editor", "Unity.2D.Tilemap.Editor.csproj", "{C6126E32-7ED5-2298-9953-ABC3A2F3BC2B}"
EndProject
Project("{FAE04EC0-301F-11D3-BF4B-00C04F79EFBC}") = "Unity.2D.PixelPerfect.Editor", "Unity.2D.PixelPerfect.Editor.csproj", "{687D2279-6C6F-7025-2018-7260B87EAC07}"
EndProject
Project("{FAE04EC0-301F-11D3-BF4B-00C04F79EFBC}") = "Unity.VSCode.Editor", "Unity.VSCode.Editor.csproj", "{11CA88E0-8FD6-3381-37E1-5E3DB6230F6A}"
EndProject
Project("{FAE04EC0-301F-11D3-BF4B-00C04F79EFBC}") = "Unity.2D.Common.Editor", "Unity.2D.Common.Editor.csproj", "{759D86D8-5FC0-D910-57E9-66EEC3DA2DFE}"
EndProject
Project("{FAE04EC0-301F-11D3-BF4B-00C04F79EFBC}") = "Unity.Mathematics.Editor", "Unity.Mathematics.Editor.csproj", "{3BAC916F-BF59-687F-1A57-E685E6AE8B2F}"
EndProject
Project("{FAE04EC0-301F-11D3-BF4B-00C04F79EFBC}") = "Unity.InternalAPIEditorBridge.001", "Unity.InternalAPIEditorBridge.001.csproj", "{F7C87934-6A6B-D7C3-6F19-7CFFF8EECB4A}"
EndProject
Project("{FAE04EC0-301F-11D3-BF4B-00C04F79EFBC}") = "UnityEngine.TestRunner", "UnityEngine.TestRunner.Player.csproj", "{B7DDD2CC-EF86-403B-57E7-A8735BEA008C}"
EndProject
Project("{FAE04EC0-301F-11D3-BF4B-00C04F79EFBC}") = "Unity.Mathematics", "Unity.Mathematics.Player.csproj", "{59D132B1-3653-547A-2F78-6173B12EEC33}"
EndProject
Project("{FAE04EC0-301F-11D3-BF4B-00C04F79EFBC}") = "Unity.2D.Animation.Triangle.Runtime", "Unity.2D.Animation.Triangle.Runtime.Player.csproj", "{136DA161-FF31-E029-FBBD-3CA785F4FE79}"
EndProject
Project("{FAE04EC0-301F-11D3-BF4B-00C04F79EFBC}") = "Unity.Timeline", "Unity.Timeline.Player.csproj", "{5EDB8867-51A8-3D7F-55CA-43B6CF95F2C6}"
EndProject
Project("{FAE04EC0-301F-11D3-BF4B-00C04F79EFBC}") = "UnityEngine.UI", "UnityEngine.UI.Player.csproj", "{5B5E9CE1-BD8A-0B20-D642-FBBEE3C09E5C}"
EndProject
Project("{FAE04EC0-301F-11D3-BF4B-00C04F79EFBC}") = "Unity.TextMeshPro", "Unity.TextMeshPro.Player.csproj", "{3544C605-C09F-F69C-C5A0-858B2128AFF6}"
EndProject
Project("{FAE04EC0-301F-11D3-BF4B-00C04F79EFBC}") = "Unity.2D.Animation.Runtime", "Unity.2D.Animation.Runtime.Player.csproj", "{911A1C12-C8AB-F163-0A62-2B935EF2804D}"
EndProject
Project("{FAE04EC0-301F-11D3-BF4B-00C04F79EFBC}") = "Unity.2D.IK.Runtime", "Unity.2D.IK.Runtime.Player.csproj", "{471FBF38-8E9A-D780-FB66-4D1CFF2B1D1B}"
EndProject
Project("{FAE04EC0-301F-11D3-BF4B-00C04F79EFBC}") = "Unity.2D.SpriteShape.Runtime", "Unity.2D.SpriteShape.Runtime.Player.csproj", "{E8C66531-51D5-463D-6C41-B3AA6C6E7A11}"
EndProject
Project("{FAE04EC0-301F-11D3-BF4B-00C04F79EFBC}") = "Unity.2D.PixelPerfect", "Unity.2D.PixelPerfect.Player.csproj", "{A4C7AC33-2EFD-B2F8-3C1F-B6D9179B7E55}"
EndProject
Project("{FAE04EC0-301F-11D3-BF4B-00C04F79EFBC}") = "Assembly-CSharp", "Assembly-CSharp.Player.csproj", "{E54B659F-20EE-3F84-4336-943CAF126661}"
EndProject
Project("{FAE04EC0-301F-11D3-BF4B-00C04F79EFBC}") = "Unity.2D.Common.Runtime", "Unity.2D.Common.Runtime.Player.csproj", "{54EE14F9-64AE-1DB9-389B-D84E558680AD}"
EndProject
Project("{FAE04EC0-301F-11D3-BF4B-00C04F79EFBC}") = "Unity.InternalAPIEngineBridge.001", "Unity.InternalAPIEngineBridge.001.Player.csproj", "{88BC6FFC-52AB-3DBF-7150-6ED9A8E94FFF}"
EndProject
Global
	GlobalSection(SolutionConfigurationPlatforms) = preSolution
		Debug|Any CPU = Debug|Any CPU
		Release|Any CPU = Release|Any CPU
	EndGlobalSection
	GlobalSection(ProjectConfigurationPlatforms) = postSolution
		{64699C43-68F2-CB29-E24A-F7929E2FE027}.Debug|Any CPU.ActiveCfg = Debug|Any CPU
		{64699C43-68F2-CB29-E24A-F7929E2FE027}.Debug|Any CPU.Build.0 = Debug|Any CPU
		{64699C43-68F2-CB29-E24A-F7929E2FE027}.Release|Any CPU.ActiveCfg = Release|Any CPU
		{64699C43-68F2-CB29-E24A-F7929E2FE027}.Release|Any CPU.Build.0 = Release|Any CPU
		{5A5A3BEF-AC59-1300-4257-D44196C3F226}.Debug|Any CPU.ActiveCfg = Debug|Any CPU
		{5A5A3BEF-AC59-1300-4257-D44196C3F226}.Debug|Any CPU.Build.0 = Debug|Any CPU
		{5A5A3BEF-AC59-1300-4257-D44196C3F226}.Release|Any CPU.ActiveCfg = Release|Any CPU
		{5A5A3BEF-AC59-1300-4257-D44196C3F226}.Release|Any CPU.Build.0 = Release|Any CPU
		{8E185EDC-F38B-4D3A-7752-EB7538727854}.Debug|Any CPU.ActiveCfg = Debug|Any CPU
		{8E185EDC-F38B-4D3A-7752-EB7538727854}.Debug|Any CPU.Build.0 = Debug|Any CPU
		{8E185EDC-F38B-4D3A-7752-EB7538727854}.Release|Any CPU.ActiveCfg = Release|Any CPU
		{8E185EDC-F38B-4D3A-7752-EB7538727854}.Release|Any CPU.Build.0 = Release|Any CPU
		{B7D2928D-A542-F23D-D563-7BC816107B69}.Debug|Any CPU.ActiveCfg = Debug|Any CPU
		{B7D2928D-A542-F23D-D563-7BC816107B69}.Debug|Any CPU.Build.0 = Debug|Any CPU
		{B7D2928D-A542-F23D-D563-7BC816107B69}.Release|Any CPU.ActiveCfg = Release|Any CPU
		{B7D2928D-A542-F23D-D563-7BC816107B69}.Release|Any CPU.Build.0 = Release|Any CPU
		{03817AAC-06A3-2CB5-AE93-D837BBF8A1D5}.Debug|Any CPU.ActiveCfg = Debug|Any CPU
		{03817AAC-06A3-2CB5-AE93-D837BBF8A1D5}.Debug|Any CPU.Build.0 = Debug|Any CPU
		{03817AAC-06A3-2CB5-AE93-D837BBF8A1D5}.Release|Any CPU.ActiveCfg = Release|Any CPU
		{03817AAC-06A3-2CB5-AE93-D837BBF8A1D5}.Release|Any CPU.Build.0 = Release|Any CPU
		{2C925512-04CD-8922-F523-60910AE0B10C}.Debug|Any CPU.ActiveCfg = Debug|Any CPU
		{2C925512-04CD-8922-F523-60910AE0B10C}.Debug|Any CPU.Build.0 = Debug|Any CPU
		{2C925512-04CD-8922-F523-60910AE0B10C}.Release|Any CPU.ActiveCfg = Release|Any CPU
		{2C925512-04CD-8922-F523-60910AE0B10C}.Release|Any CPU.Build.0 = Release|Any CPU
		{4ED46402-72EE-685C-6657-04FE757808F0}.Debug|Any CPU.ActiveCfg = Debug|Any CPU
		{4ED46402-72EE-685C-6657-04FE757808F0}.Debug|Any CPU.Build.0 = Debug|Any CPU
		{4ED46402-72EE-685C-6657-04FE757808F0}.Release|Any CPU.ActiveCfg = Release|Any CPU
		{4ED46402-72EE-685C-6657-04FE757808F0}.Release|Any CPU.Build.0 = Release|Any CPU
		{C9108133-01CF-B6F9-4631-89BF58884C05}.Debug|Any CPU.ActiveCfg = Debug|Any CPU
		{C9108133-01CF-B6F9-4631-89BF58884C05}.Debug|Any CPU.Build.0 = Debug|Any CPU
		{C9108133-01CF-B6F9-4631-89BF58884C05}.Release|Any CPU.ActiveCfg = Release|Any CPU
		{C9108133-01CF-B6F9-4631-89BF58884C05}.Release|Any CPU.Build.0 = Release|Any CPU
		{2C6C2657-F38A-DBA6-2E01-76FDD4CD0570}.Debug|Any CPU.ActiveCfg = Debug|Any CPU
		{2C6C2657-F38A-DBA6-2E01-76FDD4CD0570}.Debug|Any CPU.Build.0 = Debug|Any CPU
		{2C6C2657-F38A-DBA6-2E01-76FDD4CD0570}.Release|Any CPU.ActiveCfg = Release|Any CPU
		{2C6C2657-F38A-DBA6-2E01-76FDD4CD0570}.Release|Any CPU.Build.0 = Release|Any CPU
		{162166C5-F9A6-F7DD-4EBC-BFAFD4F1FBE5}.Debug|Any CPU.ActiveCfg = Debug|Any CPU
		{162166C5-F9A6-F7DD-4EBC-BFAFD4F1FBE5}.Debug|Any CPU.Build.0 = Debug|Any CPU
		{162166C5-F9A6-F7DD-4EBC-BFAFD4F1FBE5}.Release|Any CPU.ActiveCfg = Release|Any CPU
		{162166C5-F9A6-F7DD-4EBC-BFAFD4F1FBE5}.Release|Any CPU.Build.0 = Release|Any CPU
		{D59E3BF3-6488-B30F-49FE-0FE02DD92A84}.Debug|Any CPU.ActiveCfg = Debug|Any CPU
		{D59E3BF3-6488-B30F-49FE-0FE02DD92A84}.Debug|Any CPU.Build.0 = Debug|Any CPU
		{D59E3BF3-6488-B30F-49FE-0FE02DD92A84}.Release|Any CPU.ActiveCfg = Release|Any CPU
		{D59E3BF3-6488-B30F-49FE-0FE02DD92A84}.Release|Any CPU.Build.0 = Release|Any CPU
		{4E2B215F-0464-C77B-F66D-E5CF0F704522}.Debug|Any CPU.ActiveCfg = Debug|Any CPU
		{4E2B215F-0464-C77B-F66D-E5CF0F704522}.Debug|Any CPU.Build.0 = Debug|Any CPU
		{4E2B215F-0464-C77B-F66D-E5CF0F704522}.Release|Any CPU.ActiveCfg = Release|Any CPU
		{4E2B215F-0464-C77B-F66D-E5CF0F704522}.Release|Any CPU.Build.0 = Release|Any CPU
		{A78B6E97-93D3-2B7B-B375-63F18A3A6348}.Debug|Any CPU.ActiveCfg = Debug|Any CPU
		{A78B6E97-93D3-2B7B-B375-63F18A3A6348}.Debug|Any CPU.Build.0 = Debug|Any CPU
		{A78B6E97-93D3-2B7B-B375-63F18A3A6348}.Release|Any CPU.ActiveCfg = Release|Any CPU
		{A78B6E97-93D3-2B7B-B375-63F18A3A6348}.Release|Any CPU.Build.0 = Release|Any CPU
		{EBCB12BE-9A3B-6C57-ADDA-481DB0DCC629}.Debug|Any CPU.ActiveCfg = Debug|Any CPU
		{EBCB12BE-9A3B-6C57-ADDA-481DB0DCC629}.Debug|Any CPU.Build.0 = Debug|Any CPU
		{EBCB12BE-9A3B-6C57-ADDA-481DB0DCC629}.Release|Any CPU.ActiveCfg = Release|Any CPU
		{EBCB12BE-9A3B-6C57-ADDA-481DB0DCC629}.Release|Any CPU.Build.0 = Release|Any CPU
		{BCAA4E87-E50D-DAD2-FC09-57C6C61CB3F7}.Debug|Any CPU.ActiveCfg = Debug|Any CPU
		{BCAA4E87-E50D-DAD2-FC09-57C6C61CB3F7}.Debug|Any CPU.Build.0 = Debug|Any CPU
		{BCAA4E87-E50D-DAD2-FC09-57C6C61CB3F7}.Release|Any CPU.ActiveCfg = Release|Any CPU
		{BCAA4E87-E50D-DAD2-FC09-57C6C61CB3F7}.Release|Any CPU.Build.0 = Release|Any CPU
		{672B6642-A4FF-6128-50FF-E60987E694E3}.Debug|Any CPU.ActiveCfg = Debug|Any CPU
		{672B6642-A4FF-6128-50FF-E60987E694E3}.Debug|Any CPU.Build.0 = Debug|Any CPU
		{672B6642-A4FF-6128-50FF-E60987E694E3}.Release|Any CPU.ActiveCfg = Release|Any CPU
		{672B6642-A4FF-6128-50FF-E60987E694E3}.Release|Any CPU.Build.0 = Release|Any CPU
		{5653676A-2A04-1598-39CD-230ADC629C97}.Debug|Any CPU.ActiveCfg = Debug|Any CPU
		{5653676A-2A04-1598-39CD-230ADC629C97}.Debug|Any CPU.Build.0 = Debug|Any CPU
		{5653676A-2A04-1598-39CD-230ADC629C97}.Release|Any CPU.ActiveCfg = Release|Any CPU
		{5653676A-2A04-1598-39CD-230ADC629C97}.Release|Any CPU.Build.0 = Release|Any CPU
		{38E9F803-9058-749B-CCD1-473967DDE27B}.Debug|Any CPU.ActiveCfg = Debug|Any CPU
		{38E9F803-9058-749B-CCD1-473967DDE27B}.Debug|Any CPU.Build.0 = Debug|Any CPU
		{38E9F803-9058-749B-CCD1-473967DDE27B}.Release|Any CPU.ActiveCfg = Release|Any CPU
		{38E9F803-9058-749B-CCD1-473967DDE27B}.Release|Any CPU.Build.0 = Release|Any CPU
		{805D8E4D-E282-D65A-56C4-545DF6FF4976}.Debug|Any CPU.ActiveCfg = Debug|Any CPU
		{805D8E4D-E282-D65A-56C4-545DF6FF4976}.Debug|Any CPU.Build.0 = Debug|Any CPU
		{805D8E4D-E282-D65A-56C4-545DF6FF4976}.Release|Any CPU.ActiveCfg = Release|Any CPU
		{805D8E4D-E282-D65A-56C4-545DF6FF4976}.Release|Any CPU.Build.0 = Release|Any CPU
		{067295E5-8854-339D-6DA2-ACFC66FB15D7}.Debug|Any CPU.ActiveCfg = Debug|Any CPU
		{067295E5-8854-339D-6DA2-ACFC66FB15D7}.Debug|Any CPU.Build.0 = Debug|Any CPU
		{067295E5-8854-339D-6DA2-ACFC66FB15D7}.Release|Any CPU.ActiveCfg = Release|Any CPU
		{067295E5-8854-339D-6DA2-ACFC66FB15D7}.Release|Any CPU.Build.0 = Release|Any CPU
		{6D8A4875-47DE-AD0E-6D45-FAA7A8CE7B68}.Debug|Any CPU.ActiveCfg = Debug|Any CPU
		{6D8A4875-47DE-AD0E-6D45-FAA7A8CE7B68}.Debug|Any CPU.Build.0 = Debug|Any CPU
		{6D8A4875-47DE-AD0E-6D45-FAA7A8CE7B68}.Release|Any CPU.ActiveCfg = Release|Any CPU
		{6D8A4875-47DE-AD0E-6D45-FAA7A8CE7B68}.Release|Any CPU.Build.0 = Release|Any CPU
		{AC4F3C7C-70CA-9C68-325D-F20C4E91AEB2}.Debug|Any CPU.ActiveCfg = Debug|Any CPU
		{AC4F3C7C-70CA-9C68-325D-F20C4E91AEB2}.Debug|Any CPU.Build.0 = Debug|Any CPU
		{AC4F3C7C-70CA-9C68-325D-F20C4E91AEB2}.Release|Any CPU.ActiveCfg = Release|Any CPU
		{AC4F3C7C-70CA-9C68-325D-F20C4E91AEB2}.Release|Any CPU.Build.0 = Release|Any CPU
		{180932B7-FEC9-FB30-5E86-907B78046F7B}.Debug|Any CPU.ActiveCfg = Debug|Any CPU
		{180932B7-FEC9-FB30-5E86-907B78046F7B}.Debug|Any CPU.Build.0 = Debug|Any CPU
		{180932B7-FEC9-FB30-5E86-907B78046F7B}.Release|Any CPU.ActiveCfg = Release|Any CPU
		{180932B7-FEC9-FB30-5E86-907B78046F7B}.Release|Any CPU.Build.0 = Release|Any CPU
		{FACD2955-7211-C889-FC87-6BC10ABC9CB6}.Debug|Any CPU.ActiveCfg = Debug|Any CPU
		{FACD2955-7211-C889-FC87-6BC10ABC9CB6}.Debug|Any CPU.Build.0 = Debug|Any CPU
		{FACD2955-7211-C889-FC87-6BC10ABC9CB6}.Release|Any CPU.ActiveCfg = Release|Any CPU
		{FACD2955-7211-C889-FC87-6BC10ABC9CB6}.Release|Any CPU.Build.0 = Release|Any CPU
		{0A7E4EDD-7CDE-4AFF-545D-97A09D444F5B}.Debug|Any CPU.ActiveCfg = Debug|Any CPU
		{0A7E4EDD-7CDE-4AFF-545D-97A09D444F5B}.Debug|Any CPU.Build.0 = Debug|Any CPU
		{0A7E4EDD-7CDE-4AFF-545D-97A09D444F5B}.Release|Any CPU.ActiveCfg = Release|Any CPU
		{0A7E4EDD-7CDE-4AFF-545D-97A09D444F5B}.Release|Any CPU.Build.0 = Release|Any CPU
		{3B1D3013-F753-99E5-0B64-7BA6047D36FE}.Debug|Any CPU.ActiveCfg = Debug|Any CPU
		{3B1D3013-F753-99E5-0B64-7BA6047D36FE}.Debug|Any CPU.Build.0 = Debug|Any CPU
		{3B1D3013-F753-99E5-0B64-7BA6047D36FE}.Release|Any CPU.ActiveCfg = Release|Any CPU
		{3B1D3013-F753-99E5-0B64-7BA6047D36FE}.Release|Any CPU.Build.0 = Release|Any CPU
		{692C499E-79F7-3BA2-C808-201B29F658F6}.Debug|Any CPU.ActiveCfg = Debug|Any CPU
		{692C499E-79F7-3BA2-C808-201B29F658F6}.Debug|Any CPU.Build.0 = Debug|Any CPU
		{692C499E-79F7-3BA2-C808-201B29F658F6}.Release|Any CPU.ActiveCfg = Release|Any CPU
		{692C499E-79F7-3BA2-C808-201B29F658F6}.Release|Any CPU.Build.0 = Release|Any CPU
		{081C988C-44FC-D8CC-428E-A71DDC57ADEB}.Debug|Any CPU.ActiveCfg = Debug|Any CPU
		{081C988C-44FC-D8CC-428E-A71DDC57ADEB}.Debug|Any CPU.Build.0 = Debug|Any CPU
		{081C988C-44FC-D8CC-428E-A71DDC57ADEB}.Release|Any CPU.ActiveCfg = Release|Any CPU
		{081C988C-44FC-D8CC-428E-A71DDC57ADEB}.Release|Any CPU.Build.0 = Release|Any CPU
		{D162512F-8355-0D8D-CF5A-293D5D1E62C5}.Debug|Any CPU.ActiveCfg = Debug|Any CPU
		{D162512F-8355-0D8D-CF5A-293D5D1E62C5}.Debug|Any CPU.Build.0 = Debug|Any CPU
		{D162512F-8355-0D8D-CF5A-293D5D1E62C5}.Release|Any CPU.ActiveCfg = Release|Any CPU
		{D162512F-8355-0D8D-CF5A-293D5D1E62C5}.Release|Any CPU.Build.0 = Release|Any CPU
		{C6126E32-7ED5-2298-9953-ABC3A2F3BC2B}.Debug|Any CPU.ActiveCfg = Debug|Any CPU
		{C6126E32-7ED5-2298-9953-ABC3A2F3BC2B}.Debug|Any CPU.Build.0 = Debug|Any CPU
		{C6126E32-7ED5-2298-9953-ABC3A2F3BC2B}.Release|Any CPU.ActiveCfg = Release|Any CPU
		{C6126E32-7ED5-2298-9953-ABC3A2F3BC2B}.Release|Any CPU.Build.0 = Release|Any CPU
		{687D2279-6C6F-7025-2018-7260B87EAC07}.Debug|Any CPU.ActiveCfg = Debug|Any CPU
		{687D2279-6C6F-7025-2018-7260B87EAC07}.Debug|Any CPU.Build.0 = Debug|Any CPU
		{687D2279-6C6F-7025-2018-7260B87EAC07}.Release|Any CPU.ActiveCfg = Release|Any CPU
		{687D2279-6C6F-7025-2018-7260B87EAC07}.Release|Any CPU.Build.0 = Release|Any CPU
		{11CA88E0-8FD6-3381-37E1-5E3DB6230F6A}.Debug|Any CPU.ActiveCfg = Debug|Any CPU
		{11CA88E0-8FD6-3381-37E1-5E3DB6230F6A}.Debug|Any CPU.Build.0 = Debug|Any CPU
		{11CA88E0-8FD6-3381-37E1-5E3DB6230F6A}.Release|Any CPU.ActiveCfg = Release|Any CPU
		{11CA88E0-8FD6-3381-37E1-5E3DB6230F6A}.Release|Any CPU.Build.0 = Release|Any CPU
		{759D86D8-5FC0-D910-57E9-66EEC3DA2DFE}.Debug|Any CPU.ActiveCfg = Debug|Any CPU
		{759D86D8-5FC0-D910-57E9-66EEC3DA2DFE}.Debug|Any CPU.Build.0 = Debug|Any CPU
		{759D86D8-5FC0-D910-57E9-66EEC3DA2DFE}.Release|Any CPU.ActiveCfg = Release|Any CPU
		{759D86D8-5FC0-D910-57E9-66EEC3DA2DFE}.Release|Any CPU.Build.0 = Release|Any CPU
		{3BAC916F-BF59-687F-1A57-E685E6AE8B2F}.Debug|Any CPU.ActiveCfg = Debug|Any CPU
		{3BAC916F-BF59-687F-1A57-E685E6AE8B2F}.Debug|Any CPU.Build.0 = Debug|Any CPU
		{3BAC916F-BF59-687F-1A57-E685E6AE8B2F}.Release|Any CPU.ActiveCfg = Release|Any CPU
		{3BAC916F-BF59-687F-1A57-E685E6AE8B2F}.Release|Any CPU.Build.0 = Release|Any CPU
		{F7C87934-6A6B-D7C3-6F19-7CFFF8EECB4A}.Debug|Any CPU.ActiveCfg = Debug|Any CPU
		{F7C87934-6A6B-D7C3-6F19-7CFFF8EECB4A}.Debug|Any CPU.Build.0 = Debug|Any CPU
		{F7C87934-6A6B-D7C3-6F19-7CFFF8EECB4A}.Release|Any CPU.ActiveCfg = Release|Any CPU
		{F7C87934-6A6B-D7C3-6F19-7CFFF8EECB4A}.Release|Any CPU.Build.0 = Release|Any CPU
		{B7DDD2CC-EF86-403B-57E7-A8735BEA008C}.Debug|Any CPU.ActiveCfg = Debug|Any CPU
		{B7DDD2CC-EF86-403B-57E7-A8735BEA008C}.Debug|Any CPU.Build.0 = Debug|Any CPU
		{B7DDD2CC-EF86-403B-57E7-A8735BEA008C}.Release|Any CPU.ActiveCfg = Release|Any CPU
		{B7DDD2CC-EF86-403B-57E7-A8735BEA008C}.Release|Any CPU.Build.0 = Release|Any CPU
		{59D132B1-3653-547A-2F78-6173B12EEC33}.Debug|Any CPU.ActiveCfg = Debug|Any CPU
		{59D132B1-3653-547A-2F78-6173B12EEC33}.Debug|Any CPU.Build.0 = Debug|Any CPU
		{59D132B1-3653-547A-2F78-6173B12EEC33}.Release|Any CPU.ActiveCfg = Release|Any CPU
		{59D132B1-3653-547A-2F78-6173B12EEC33}.Release|Any CPU.Build.0 = Release|Any CPU
		{136DA161-FF31-E029-FBBD-3CA785F4FE79}.Debug|Any CPU.ActiveCfg = Debug|Any CPU
		{136DA161-FF31-E029-FBBD-3CA785F4FE79}.Debug|Any CPU.Build.0 = Debug|Any CPU
		{136DA161-FF31-E029-FBBD-3CA785F4FE79}.Release|Any CPU.ActiveCfg = Release|Any CPU
		{136DA161-FF31-E029-FBBD-3CA785F4FE79}.Release|Any CPU.Build.0 = Release|Any CPU
		{5EDB8867-51A8-3D7F-55CA-43B6CF95F2C6}.Debug|Any CPU.ActiveCfg = Debug|Any CPU
		{5EDB8867-51A8-3D7F-55CA-43B6CF95F2C6}.Debug|Any CPU.Build.0 = Debug|Any CPU
		{5EDB8867-51A8-3D7F-55CA-43B6CF95F2C6}.Release|Any CPU.ActiveCfg = Release|Any CPU
		{5EDB8867-51A8-3D7F-55CA-43B6CF95F2C6}.Release|Any CPU.Build.0 = Release|Any CPU
		{5B5E9CE1-BD8A-0B20-D642-FBBEE3C09E5C}.Debug|Any CPU.ActiveCfg = Debug|Any CPU
		{5B5E9CE1-BD8A-0B20-D642-FBBEE3C09E5C}.Debug|Any CPU.Build.0 = Debug|Any CPU
		{5B5E9CE1-BD8A-0B20-D642-FBBEE3C09E5C}.Release|Any CPU.ActiveCfg = Release|Any CPU
		{5B5E9CE1-BD8A-0B20-D642-FBBEE3C09E5C}.Release|Any CPU.Build.0 = Release|Any CPU
		{3544C605-C09F-F69C-C5A0-858B2128AFF6}.Debug|Any CPU.ActiveCfg = Debug|Any CPU
		{3544C605-C09F-F69C-C5A0-858B2128AFF6}.Debug|Any CPU.Build.0 = Debug|Any CPU
		{3544C605-C09F-F69C-C5A0-858B2128AFF6}.Release|Any CPU.ActiveCfg = Release|Any CPU
		{3544C605-C09F-F69C-C5A0-858B2128AFF6}.Release|Any CPU.Build.0 = Release|Any CPU
		{911A1C12-C8AB-F163-0A62-2B935EF2804D}.Debug|Any CPU.ActiveCfg = Debug|Any CPU
		{911A1C12-C8AB-F163-0A62-2B935EF2804D}.Debug|Any CPU.Build.0 = Debug|Any CPU
		{911A1C12-C8AB-F163-0A62-2B935EF2804D}.Release|Any CPU.ActiveCfg = Release|Any CPU
		{911A1C12-C8AB-F163-0A62-2B935EF2804D}.Release|Any CPU.Build.0 = Release|Any CPU
		{471FBF38-8E9A-D780-FB66-4D1CFF2B1D1B}.Debug|Any CPU.ActiveCfg = Debug|Any CPU
		{471FBF38-8E9A-D780-FB66-4D1CFF2B1D1B}.Debug|Any CPU.Build.0 = Debug|Any CPU
		{471FBF38-8E9A-D780-FB66-4D1CFF2B1D1B}.Release|Any CPU.ActiveCfg = Release|Any CPU
		{471FBF38-8E9A-D780-FB66-4D1CFF2B1D1B}.Release|Any CPU.Build.0 = Release|Any CPU
		{E8C66531-51D5-463D-6C41-B3AA6C6E7A11}.Debug|Any CPU.ActiveCfg = Debug|Any CPU
		{E8C66531-51D5-463D-6C41-B3AA6C6E7A11}.Debug|Any CPU.Build.0 = Debug|Any CPU
		{E8C66531-51D5-463D-6C41-B3AA6C6E7A11}.Release|Any CPU.ActiveCfg = Release|Any CPU
		{E8C66531-51D5-463D-6C41-B3AA6C6E7A11}.Release|Any CPU.Build.0 = Release|Any CPU
		{A4C7AC33-2EFD-B2F8-3C1F-B6D9179B7E55}.Debug|Any CPU.ActiveCfg = Debug|Any CPU
		{A4C7AC33-2EFD-B2F8-3C1F-B6D9179B7E55}.Debug|Any CPU.Build.0 = Debug|Any CPU
		{A4C7AC33-2EFD-B2F8-3C1F-B6D9179B7E55}.Release|Any CPU.ActiveCfg = Release|Any CPU
		{A4C7AC33-2EFD-B2F8-3C1F-B6D9179B7E55}.Release|Any CPU.Build.0 = Release|Any CPU
		{E54B659F-20EE-3F84-4336-943CAF126661}.Debug|Any CPU.ActiveCfg = Debug|Any CPU
		{E54B659F-20EE-3F84-4336-943CAF126661}.Debug|Any CPU.Build.0 = Debug|Any CPU
		{E54B659F-20EE-3F84-4336-943CAF126661}.Release|Any CPU.ActiveCfg = Release|Any CPU
		{E54B659F-20EE-3F84-4336-943CAF126661}.Release|Any CPU.Build.0 = Release|Any CPU
		{54EE14F9-64AE-1DB9-389B-D84E558680AD}.Debug|Any CPU.ActiveCfg = Debug|Any CPU
		{54EE14F9-64AE-1DB9-389B-D84E558680AD}.Debug|Any CPU.Build.0 = Debug|Any CPU
		{54EE14F9-64AE-1DB9-389B-D84E558680AD}.Release|Any CPU.ActiveCfg = Release|Any CPU
		{54EE14F9-64AE-1DB9-389B-D84E558680AD}.Release|Any CPU.Build.0 = Release|Any CPU
		{88BC6FFC-52AB-3DBF-7150-6ED9A8E94FFF}.Debug|Any CPU.ActiveCfg = Debug|Any CPU
		{88BC6FFC-52AB-3DBF-7150-6ED9A8E94FFF}.Debug|Any CPU.Build.0 = Debug|Any CPU
		{88BC6FFC-52AB-3DBF-7150-6ED9A8E94FFF}.Release|Any CPU.ActiveCfg = Release|Any CPU
		{88BC6FFC-52AB-3DBF-7150-6ED9A8E94FFF}.Release|Any CPU.Build.0 = Release|Any CPU
	EndGlobalSection
	GlobalSection(SolutionProperties) = preSolution
		HideSolutionNode = FALSE
	EndGlobalSection
EndGlobal
